hash: 8bc1f8c59a7898b389aff56457c66006ca0fd021703abdb3dcee394613901b2d
updated: 2018-12-06T18:48:46.166728+08:00
imports:
- name: github.com/emicklei/go-restful
  version: ff4f55a206334ef123e4f79bbf348980da81ca46
  subpackages:
  - log
- name: github.com/go-openapi/analysis
  version: b44dc874b601d9e4e2f6e19140e794ba24bead3b
- name: github.com/go-openapi/jsonpointer
  version: 46af16f9f7b149af66e5d1bd010e3574dc06de98
- name: github.com/go-openapi/jsonreference
  version: 13c6e3589ad90f49bd3e3bbe2c2cb3d7a4142272
- name: github.com/go-openapi/loads
  version: 18441dfa706d924a39a030ee2c3b1d8d81917b38
- name: github.com/go-openapi/runtime
  version: 11e322eeecc1032d5a0a96c566ed53f2b5c26e22
- name: github.com/go-openapi/spec
  version: 6aced65f8501fe1217321abf0749d354824ba2ff
- name: github.com/go-openapi/strfmt
  version: d65c7fdb29eca313476e529628176fe17e58c488
- name: github.com/go-openapi/swag
  version: 1d0bd113de87027671077d3c71eb3ac5d7dbba72
- name: github.com/go-openapi/validate
  version: deaf2c9013bc1a7f4c774662259a506ba874d80f
- name: github.com/gobuffalo/envy
  version: 7e7ddcbb431d1d9e32121d7eeee8d68bdecd7081
- name: github.com/gogo/protobuf
  version: c0656edd0d9eab7c66d1eb0c568f9039345796f7
  subpackages:
  - proto
  - sortkeys
- name: github.com/golang/glog
  version: 44145f04b68cf362d9c4df2182967c2275eaefed
- name: github.com/inconshreveable/mousetrap
  version: 76626ae9c91c4f2a10f34cad8ce83ea42c93bb75
- name: github.com/joho/godotenv
  version: 69ed1d913aa885da390dd6de9febf063d101b097
- name: github.com/json-iterator/go
  version: f2b4162afba35581b6d4a50d3b8f34e33c144682
- name: github.com/kubernetes-incubator/reference-docs
  version: a3a9aaf7f3fdec296465a2f3b411b32196148ee7
  subpackages:
  - gen-apidocs
- name: github.com/markbates/inflect
  version: d582c680dc4d29c2279628ae00e743005bfcd4fe
- name: github.com/onsi/ginkgo
  version: 9eda700730cba42af70d53180f9dcce9266bc2bc
- name: github.com/onsi/gomega
  version: c893efa28eb45626cdaa76c9f653b62488858837
- name: github.com/pkg/errors
  version: 059132a15dd08d6704c67711dae0cf35ab991756
- name: github.com/rogpeppe/go-internal
  version: 3f553c33bb514cd914c1275a83aabfd4918c797d
  subpackages:
  - modfile
  - module
  - semver
- name: github.com/spf13/cobra
  version: f62e98d28ab7ad31d707ba837a966378465c7b57
  subpackages:
  - doc
- name: github.com/spf13/pflag
  version: 9ff6c6923cfffbcd502984b8e0c80539a94968b7
- name: github.com/spf13/viper
  version: 7fb2782df3d83e0036cc89f461ed0422628776f4
- name: golang.org/x/tools
  version: 3576414c54a492fc48cd913814eb209914c717f0
  subpackages:
  - go/ast/astutil
  - imports
  - internal/fastwalk
  - internal/gopathwalk
- name: k8s.io/api
  version: b503174bad5991eb66f18247f52e41c3258f6348
- name: k8s.io/apimachinery
  version: eddba98df674a16931d2d4ba75edc3a389bf633a
  subpackages:
  - pkg/runtime/schema
  - pkg/util/runtime
  - pkg/util/sets
  - pkg/util/wait
- name: k8s.io/apiserver
  version: 92fdef3a232a23afb9644f6151119b5961b9feab
  subpackages:
  - pkg/util/logs
- name: k8s.io/client-go
  version: 5e6a3d4e34f694e895b13ae728111e726a5b69df
  subpackages:
  - util/homedir
- name: k8s.io/code-generator
  version: 3dcf91f64f638563e5106f21f50c31fa361c918d
- name: k8s.io/gengo
  version: fdcf9f9480fdd5bf2b3c3df9bf4ecd22b25b87e2
  subpackages:
  - args
  - generator
  - namer
  - parser
  - types
- name: k8s.io/kube-openapi
  version: 0cf8f7e6ed1d2e3d47d02e3b6e559369af24d803
testImports: []
