hash: 4bb574ae03e4c9faedbd24005f64cb8ec62fa00c9f7c7abc0c7147dbc1d0a746
updated: 2018-11-02T12:12:46.397023+08:00
imports:
- name: github.com/emicklei/go-restful
  version: ff4f55a206334ef123e4f79bbf348980da81ca46
  subpackages:
  - log
- name: github.com/go-openapi/analysis
  version: b44dc874b601d9e4e2f6e19140e794ba24bead3b
- name: github.com/go-openapi/jsonpointer
  version: 46af16f9f7b149af66e5d1bd010e3574dc06de98
- name: github.com/go-openapi/jsonreference
  version: 13c6e3589ad90f49bd3e3bbe2c2cb3d7a4142272
- name: github.com/go-openapi/loads
  version: 18441dfa706d924a39a030ee2c3b1d8d81917b38
- name: github.com/go-openapi/runtime
  version: 11e322eeecc1032d5a0a96c566ed53f2b5c26e22
- name: github.com/go-openapi/spec
  version: 6aced65f8501fe1217321abf0749d354824ba2ff
- name: github.com/go-openapi/strfmt
  version: d65c7fdb29eca313476e529628176fe17e58c488
- name: github.com/go-openapi/swag
  version: 1d0bd113de87027671077d3c71eb3ac5d7dbba72
- name: github.com/go-openapi/validate
  version: deaf2c9013bc1a7f4c774662259a506ba874d80f
- name: github.com/gobuffalo/envy
  version: e0b181c424e7ca1a36f6f2db4bdfd25ef3421e77
- name: github.com/gogo/protobuf
  version: c0656edd0d9eab7c66d1eb0c568f9039345796f7
  subpackages:
  - proto
  - sortkeys
- name: github.com/golang/glog
  version: 44145f04b68cf362d9c4df2182967c2275eaefed
- name: github.com/inconshreveable/mousetrap
  version: 76626ae9c91c4f2a10f34cad8ce83ea42c93bb75
- name: github.com/joho/godotenv
  version: c0b86d615e06d6fa5f869364d68f774ba49a86e3
- name: github.com/json-iterator/go
  version: f2b4162afba35581b6d4a50d3b8f34e33c144682
- name: github.com/kubernetes-incubator/reference-docs
  version: f79cb2a1e53ecd00c9b8e51342e1db54099dad65
  subpackages:
  - gen-apidocs
- name: github.com/markbates/inflect
  version: d582c680dc4d29c2279628ae00e743005bfcd4fe
- name: github.com/onsi/ginkgo
  version: 9eda700730cba42af70d53180f9dcce9266bc2bc
- name: github.com/onsi/gomega
  version: c893efa28eb45626cdaa76c9f653b62488858837
- name: github.com/pkg/errors
  version: 059132a15dd08d6704c67711dae0cf35ab991756
- name: github.com/spf13/cobra
  version: f62e98d28ab7ad31d707ba837a966378465c7b57
  subpackages:
  - doc
- name: github.com/spf13/pflag
  version: 9ff6c6923cfffbcd502984b8e0c80539a94968b7
- name: github.com/spf13/viper
  version: 7fb2782df3d83e0036cc89f461ed0422628776f4
- name: golang.org/x/tools
  version: d51e88b5aec5e5af4b3c8a4083777f5d1623d846
  subpackages:
  - go/ast/astutil
  - imports
  - internal/fastwalk
  - internal/gopathwalk
- name: k8s.io/api
  version: 475331a8afff5587f47d0470a93f79c60c573c03
- name: k8s.io/apimachinery
  version: f71dbbc36e126f5a371b85f6cca96bc8c57db2b6
  subpackages:
  - pkg/runtime/schema
  - pkg/util/runtime
  - pkg/util/sets
  - pkg/util/wait
- name: k8s.io/apiserver
  version: f1efbe52ad282d7d18ca4e5580b35c08e3bf521f
  subpackages:
  - pkg/util/logs
- name: k8s.io/client-go
  version: 13596e875accbd333e0b5bd5fd9462185acd9958
  subpackages:
  - util/homedir
- name: k8s.io/code-generator
  version: 3dcf91f64f638563e5106f21f50c31fa361c918d
- name: k8s.io/gengo
  version: fdcf9f9480fdd5bf2b3c3df9bf4ecd22b25b87e2
  subpackages:
  - args
  - generator
  - namer
  - parser
  - types
- name: k8s.io/kube-openapi
  version: 0cf8f7e6ed1d2e3d47d02e3b6e559369af24d803
testImports: []
